// !$*UTF8*$!
{
	archiveVersion = 1;
	classes = {
	};
	objectVersion = 77;
	objects = {

/* Begin PBXBuildFile section */
		4F08BE4C2DFD2145003CA400 /* OrderedCollections in Frameworks */ = {isa = PBXBuildFile; productRef = 4F08BE4B2DFD2145003CA400 /* OrderedCollections */; };
		4F08BE4F2DFD24FA003CA400 /* OrderedCollections in Frameworks */ = {isa = PBXBuildFile; productRef = 4F08BE4E2DFD24FA003CA400 /* OrderedCollections */; };
/* End PBXBuildFile section */

/* Begin PBXContainerItemProxy section */
		4F71A3DC2DF9E9C1004C600C /* PBXContainerItemProxy */ = {
			isa = PBXContainerItemProxy;
			containerPortal = 4F71A3C42DF9E9C0004C600C /* Project object */;
			proxyType = 1;
			remoteGlobalIDString = 4F71A3CB2DF9E9C0004C600C;
			remoteInfo = Notification2Shortcut;
		};
		4F71A3E62DF9E9C1004C600C /* PBXContainerItemProxy */ = {
			isa = PBXContainerItemProxy;
			containerPortal = 4F71A3C42DF9E9C0004C600C /* Project object */;
			proxyType = 1;
			remoteGlobalIDString = 4F71A3CB2DF9E9C0004C600C;
			remoteInfo = Notification2Shortcut;
		};
/* End PBXContainerItemProxy section */

/* Begin PBXFileReference section */
		4F71A3CC2DF9E9C0004C600C /* Notification2Shortcut.app */ = {isa = PBXFileReference; explicitFileType = wrapper.application; includeInIndex = 0; path = Notification2Shortcut.app; sourceTree = BUILT_PRODUCTS_DIR; };
		4F71A3DB2DF9E9C1004C600C /* Notification2ShortcutTests.xctest */ = {isa = PBXFileReference; explicitFileType = wrapper.cfbundle; includeInIndex = 0; path = Notification2ShortcutTests.xctest; sourceTree = BUILT_PRODUCTS_DIR; };
		4F71A3E52DF9E9C1004C600C /* Notification2ShortcutUITests.xctest */ = {isa = PBXFileReference; explicitFileType = wrapper.cfbundle; includeInIndex = 0; path = Notification2ShortcutUITests.xctest; sourceTree = BUILT_PRODUCTS_DIR; };
/* End PBXFileReference section */

/* Begin PBXFileSystemSynchronizedRootGroup section */
		4F71A3CE2DF9E9C0004C600C /* Notification2Shortcut */ = {
			isa = PBXFileSystemSynchronizedRootGroup;
			path = Notification2Shortcut;
			sourceTree = "<group>";
		};
		4F71A3DE2DF9E9C1004C600C /* Notification2ShortcutTests */ = {
			isa = PBXFileSystemSynchronizedRootGroup;
			path = Notification2ShortcutTests;
			sourceTree = "<group>";
		};
		4F71A3E82DF9E9C1004C600C /* Notification2ShortcutUITests */ = {
			isa = PBXFileSystemSynchronizedRootGroup;
			path = Notification2ShortcutUITests;
			sourceTree = "<group>";
		};
/* End PBXFileSystemSynchronizedRootGroup section */

/* Begin PBXFrameworksBuildPhase section */
		4F71A3C92DF9E9C0004C600C /* Frameworks */ = {
			isa = PBXFrameworksBuildPhase;
			buildActionMask = 2147483647;
			files = (
				4F08BE4C2DFD2145003CA400 /* OrderedCollections in Frameworks */,
			);
			runOnlyForDeploymentPostprocessing = 0;
		};
		4F71A3D82DF9E9C1004C600C /* Frameworks */ = {
			isa = PBXFrameworksBuildPhase;
			buildActionMask = 2147483647;
			files = (
				4F08BE4F2DFD24FA003CA400 /* OrderedCollections in Frameworks */,
			);
			runOnlyForDeploymentPostprocessing = 0;
		};
		4F71A3E22DF9E9C1004C600C /* Frameworks */ = {
			isa = PBXFrameworksBuildPhase;
			buildActionMask = 2147483647;
			files = (
			);
			runOnlyForDeploymentPostprocessing = 0;
		};
/* End PBXFrameworksBuildPhase section */

/* Begin PBXGroup section */
		4F08BE4D2DFD24FA003CA400 /* Frameworks */ = {
			isa = PBXGroup;
			children = (
			);
			name = Frameworks;
			sourceTree = "<group>";
		};
		4F71A3C32DF9E9C0004C600C = {
			isa = PBXGroup;
			children = (
				4F71A3CE2DF9E9C0004C600C /* Notification2Shortcut */,
				4F71A3DE2DF9E9C1004C600C /* Notification2ShortcutTests */,
				4F71A3E82DF9E9C1004C600C /* Notification2ShortcutUITests */,
				4F08BE4D2DFD24FA003CA400 /* Frameworks */,
				4F71A3CD2DF9E9C0004C600C /* Products */,
			);
			sourceTree = "<group>";
		};
		4F71A3CD2DF9E9C0004C600C /* Products */ = {
			isa = PBXGroup;
			children = (
				4F71A3CC2DF9E9C0004C600C /* Notification2Shortcut.app */,
				4F71A3DB2DF9E9C1004C600C /* Notification2ShortcutTests.xctest */,
				4F71A3E52DF9E9C1004C600C /* Notification2ShortcutUITests.xctest */,
			);
			name = Products;
			sourceTree = "<group>";
		};
/* End PBXGroup section */

/* Begin PBXNativeTarget section */
		4F71A3CB2DF9E9C0004C600C /* Notification2Shortcut */ = {
			isa = PBXNativeTarget;
			buildConfigurationList = 4F71A3EF2DF9E9C1004C600C /* Build configuration list for PBXNativeTarget "Notification2Shortcut" */;
			buildPhases = (
				4F71A3C82DF9E9C0004C600C /* Sources */,
				4F71A3C92DF9E9C0004C600C /* Frameworks */,
				4F71A3CA2DF9E9C0004C600C /* Resources */,
			);
			buildRules = (
			);
			dependencies = (
			);
			fileSystemSynchronizedGroups = (
				4F71A3CE2DF9E9C0004C600C /* Notification2Shortcut */,
			);
			name = Notification2Shortcut;
			packageProductDependencies = (
				4F08BE4B2DFD2145003CA400 /* OrderedCollections */,
			);
			productName = Notification2Shortcut;
			productReference = 4F71A3CC2DF9E9C0004C600C /* Notification2Shortcut.app */;
			productType = "com.apple.product-type.application";
		};
		4F71A3DA2DF9E9C1004C600C /* Notification2ShortcutTests */ = {
			isa = PBXNativeTarget;
			buildConfigurationList = 4F71A3F22DF9E9C1004C600C /* Build configuration list for PBXNativeTarget "Notification2ShortcutTests" */;
			buildPhases = (
				4F71A3D72DF9E9C1004C600C /* Sources */,
				4F71A3D82DF9E9C1004C600C /* Frameworks */,
				4F71A3D92DF9E9C1004C600C /* Resources */,
			);
			buildRules = (
			);
			dependencies = (
				4F71A3DD2DF9E9C1004C600C /* PBXTargetDependency */,
			);
			fileSystemSynchronizedGroups = (
				4F71A3DE2DF9E9C1004C600C /* Notification2ShortcutTests */,
			);
			name = Notification2ShortcutTests;
			packageProductDependencies = (
				4F08BE4E2DFD24FA003CA400 /* OrderedCollections */,
			);
			productName = Notification2ShortcutTests;
			productReference = 4F71A3DB2DF9E9C1004C600C /* Notification2ShortcutTests.xctest */;
			productType = "com.apple.product-type.bundle.unit-test";
		};
		4F71A3E42DF9E9C1004C600C /* Notification2ShortcutUITests */ = {
			isa = PBXNativeTarget;
			buildConfigurationList = 4F71A3F52DF9E9C1004C600C /* Build configuration list for PBXNativeTarget "Notification2ShortcutUITests" */;
			buildPhases = (
				4F71A3E12DF9E9C1004C600C /* Sources */,
				4F71A3E22DF9E9C1004C600C /* Frameworks */,
				4F71A3E32DF9E9C1004C600C /* Resources */,
			);
			buildRules = (
			);
			dependencies = (
				4F71A3E72DF9E9C1004C600C /* PBXTargetDependency */,
			);
			fileSystemSynchronizedGroups = (
				4F71A3E82DF9E9C1004C600C /* Notification2ShortcutUITests */,
			);
			name = Notification2ShortcutUITests;
			packageProductDependencies = (
			);
			productName = Notification2ShortcutUITests;
			productReference = 4F71A3E52DF9E9C1004C600C /* Notification2ShortcutUITests.xctest */;
			productType = "com.apple.product-type.bundle.ui-testing";
		};
/* End PBXNativeTarget section */

/* Begin PBXProject section */
		4F71A3C42DF9E9C0004C600C /* Project object */ = {
			isa = PBXProject;
			attributes = {
				BuildIndependentTargetsInParallel = 1;
				LastSwiftUpdateCheck = 2600;
				LastUpgradeCheck = 2600;
				TargetAttributes = {
					4F71A3CB2DF9E9C0004C600C = {
						CreatedOnToolsVersion = 26.0;
					};
					4F71A3DA2DF9E9C1004C600C = {
						CreatedOnToolsVersion = 26.0;
						TestTargetID = 4F71A3CB2DF9E9C0004C600C;
					};
					4F71A3E42DF9E9C1004C600C = {
						CreatedOnToolsVersion = 26.0;
						TestTargetID = 4F71A3CB2DF9E9C0004C600C;
					};
				};
			};
			buildConfigurationList = 4F71A3C72DF9E9C0004C600C /* Build configuration list for PBXProject "Notification2Shortcut" */;
			developmentRegion = en;
			hasScannedForEncodings = 0;
			knownRegions = (
				en,
				Base,
			);
			mainGroup = 4F71A3C32DF9E9C0004C600C;
			minimizedProjectReferenceProxies = 1;
			packageReferences = (
				4F08BE4A2DFD2145003CA400 /* XCRemoteSwiftPackageReference "swift-collections" */,
			);
			preferredProjectObjectVersion = 77;
			productRefGroup = 4F71A3CD2DF9E9C0004C600C /* Products */;
			projectDirPath = "";
			projectRoot = "";
			targets = (
				4F71A3CB2DF9E9C0004C600C /* Notification2Shortcut */,
				4F71A3DA2DF9E9C1004C600C /* Notification2ShortcutTests */,
				4F71A3E42DF9E9C1004C600C /* Notification2ShortcutUITests */,
			);
		};
/* End PBXProject section */

/* Begin PBXResourcesBuildPhase section */
		4F71A3CA2DF9E9C0004C600C /* Resources */ = {
			isa = PBXResourcesBuildPhase;
			buildActionMask = 2147483647;
			files = (
			);
			runOnlyForDeploymentPostprocessing = 0;
		};
		4F71A3D92DF9E9C1004C600C /* Resources */ = {
			isa = PBXResourcesBuildPhase;
			buildActionMask = 2147483647;
			files = (
			);
			runOnlyForDeploymentPostprocessing = 0;
		};
		4F71A3E32DF9E9C1004C600C /* Resources */ = {
			isa = PBXResourcesBuildPhase;
			buildActionMask = 2147483647;
			files = (
			);
			runOnlyForDeploymentPostprocessing = 0;
		};
/* End PBXResourcesBuildPhase section */

/* Begin PBXSourcesBuildPhase section */
		4F71A3C82DF9E9C0004C600C /* Sources */ = {
			isa = PBXSourcesBuildPhase;
			buildActionMask = 2147483647;
			files = (
			);
			runOnlyForDeploymentPostprocessing = 0;
		};
		4F71A3D72DF9E9C1004C600C /* Sources */ = {
			isa = PBXSourcesBuildPhase;
			buildActionMask = 2147483647;
			files = (
			);
			runOnlyForDeploymentPostprocessing = 0;
		};
		4F71A3E12DF9E9C1004C600C /* Sources */ = {
			isa = PBXSourcesBuildPhase;
			buildActionMask = 2147483647;
			files = (
			);
			runOnlyForDeploymentPostprocessing = 0;
		};
/* End PBXSourcesBuildPhase section */

/* Begin PBXTargetDependency section */
		4F71A3DD2DF9E9C1004C600C /* PBXTargetDependency */ = {
			isa = PBXTargetDependency;
			target = 4F71A3CB2DF9E9C0004C600C /* Notification2Shortcut */;
			targetProxy = 4F71A3DC2DF9E9C1004C600C /* PBXContainerItemProxy */;
		};
		4F71A3E72DF9E9C1004C600C /* PBXTargetDependency */ = {
			isa = PBXTargetDependency;
			target = 4F71A3CB2DF9E9C0004C600C /* Notification2Shortcut */;
			targetProxy = 4F71A3E62DF9E9C1004C600C /* PBXContainerItemProxy */;
		};
/* End PBXTargetDependency section */

/* Begin XCBuildConfiguration section */
		4F71A3ED2DF9E9C1004C600C /* Debug */ = {
			isa = XCBuildConfiguration;
			buildSettings = {
				ALWAYS_SEARCH_USER_PATHS = NO;
				ASSETCATALOG_COMPILER_GENERATE_SWIFT_ASSET_SYMBOL_EXTENSIONS = YES;
				CLANG_ANALYZER_NONNULL = YES;
				CLANG_ANALYZER_NUMBER_OBJECT_CONVERSION = YES_AGGRESSIVE;
				CLANG_CXX_LANGUAGE_STANDARD = "gnu++20";
				CLANG_ENABLE_MODULES = YES;
				CLANG_ENABLE_OBJC_ARC = YES;
				CLANG_ENABLE_OBJC_WEAK = YES;
				CLANG_WARN_BLOCK_CAPTURE_AUTORELEASING = YES;
				CLANG_WARN_BOOL_CONVERSION = YES;
				CLANG_WARN_COMMA = YES;
				CLANG_WARN_CONSTANT_CONVERSION = YES;
				CLANG_WARN_DEPRECATED_OBJC_IMPLEMENTATIONS = YES;
				CLANG_WARN_DIRECT_OBJC_ISA_USAGE = YES_ERROR;
				CLANG_WARN_DOCUMENTATION_COMMENTS = YES;
				CLANG_WARN_EMPTY_BODY = YES;
				CLANG_WARN_ENUM_CONVERSION = YES;
				CLANG_WARN_INFINITE_RECURSION = YES;
				CLANG_WARN_INT_CONVERSION = YES;
				CLANG_WARN_NON_LITERAL_NULL_CONVERSION = YES;
				CLANG_WARN_OBJC_IMPLICIT_RETAIN_SELF = YES;
				CLANG_WARN_OBJC_LITERAL_CONVERSION = YES;
				CLANG_WARN_OBJC_ROOT_CLASS = YES_ERROR;
				CLANG_WARN_QUOTED_INCLUDE_IN_FRAMEWORK_HEADER = YES;
				CLANG_WARN_RANGE_LOOP_ANALYSIS = YES;
				CLANG_WARN_STRICT_PROTOTYPES = YES;
				CLANG_WARN_SUSPICIOUS_MOVE = YES;
				CLANG_WARN_UNGUARDED_AVAILABILITY = YES_AGGRESSIVE;
				CLANG_WARN_UNREACHABLE_CODE = YES;
				CLANG_WARN__DUPLICATE_METHOD_MATCH = YES;
				COPY_PHASE_STRIP = NO;
				DEBUG_INFORMATION_FORMAT = dwarf;
				DEVELOPMENT_TEAM = 8NETVC8VTT;
				ENABLE_STRICT_OBJC_MSGSEND = YES;
				ENABLE_TESTABILITY = YES;
				ENABLE_USER_SCRIPT_SANDBOXING = YES;
				GCC_C_LANGUAGE_STANDARD = gnu17;
				GCC_DYNAMIC_NO_PIC = NO;
				GCC_NO_COMMON_BLOCKS = YES;
				GCC_OPTIMIZATION_LEVEL = 0;
				GCC_PREPROCESSOR_DEFINITIONS = (
					"DEBUG=1",
					"$(inherited)",
				);
				GCC_WARN_64_TO_32_BIT_CONVERSION = YES;
				GCC_WARN_ABOUT_RETURN_TYPE = YES_ERROR;
				GCC_WARN_UNDECLARED_SELECTOR = YES;
				GCC_WARN_UNINITIALIZED_AUTOS = YES_AGGRESSIVE;
				GCC_WARN_UNUSED_FUNCTION = YES;
				GCC_WARN_UNUSED_VARIABLE = YES;
				LOCALIZATION_PREFERS_STRING_CATALOGS = YES;
				MACOSX_DEPLOYMENT_TARGET = 15.5;
				MTL_ENABLE_DEBUG_INFO = INCLUDE_SOURCE;
				MTL_FAST_MATH = YES;
				ONLY_ACTIVE_ARCH = YES;
				SDKROOT = macosx;
				SWIFT_ACTIVE_COMPILATION_CONDITIONS = "DEBUG $(inherited)";
				SWIFT_APPROACHABLE_CONCURRENCY = YES;
				SWIFT_DEFAULT_ACTOR_ISOLATION = MainActor;
				SWIFT_OPTIMIZATION_LEVEL = "-Onone";
				SWIFT_VERSION = 6.0;
			};
			name = Debug;
		};
		4F71A3EE2DF9E9C1004C600C /* Release */ = {
			isa = XCBuildConfiguration;
			buildSettings = {
				ALWAYS_SEARCH_USER_PATHS = NO;
				ASSETCATALOG_COMPILER_GENERATE_SWIFT_ASSET_SYMBOL_EXTENSIONS = YES;
				CLANG_ANALYZER_NONNULL = YES;
				CLANG_ANALYZER_NUMBER_OBJECT_CONVERSION = YES_AGGRESSIVE;
				CLANG_CXX_LANGUAGE_STANDARD = "gnu++20";
				CLANG_ENABLE_MODULES = YES;
				CLANG_ENABLE_OBJC_ARC = YES;
				CLANG_ENABLE_OBJC_WEAK = YES;
				CLANG_WARN_BLOCK_CAPTURE_AUTORELEASING = YES;
				CLANG_WARN_BOOL_CONVERSION = YES;
				CLANG_WARN_COMMA = YES;
				CLANG_WARN_CONSTANT_CONVERSION = YES;
				CLANG_WARN_DEPRECATED_OBJC_IMPLEMENTATIONS = YES;
				CLANG_WARN_DIRECT_OBJC_ISA_USAGE = YES_ERROR;
				CLANG_WARN_DOCUMENTATION_COMMENTS = YES;
				CLANG_WARN_EMPTY_BODY = YES;
				CLANG_WARN_ENUM_CONVERSION = YES;
				CLANG_WARN_INFINITE_RECURSION = YES;
				CLANG_WARN_INT_CONVERSION = YES;
				CLANG_WARN_NON_LITERAL_NULL_CONVERSION = YES;
				CLANG_WARN_OBJC_IMPLICIT_RETAIN_SELF = YES;
				CLANG_WARN_OBJC_LITERAL_CONVERSION = YES;
				CLANG_WARN_OBJC_ROOT_CLASS = YES_ERROR;
				CLANG_WARN_QUOTED_INCLUDE_IN_FRAMEWORK_HEADER = YES;
				CLANG_WARN_RANGE_LOOP_ANALYSIS = YES;
				CLANG_WARN_STRICT_PROTOTYPES = YES;
				CLANG_WARN_SUSPICIOUS_MOVE = YES;
				CLANG_WARN_UNGUARDED_AVAILABILITY = YES_AGGRESSIVE;
				CLANG_WARN_UNREACHABLE_CODE = YES;
				CLANG_WARN__DUPLICATE_METHOD_MATCH = YES;
				COPY_PHASE_STRIP = NO;
				DEBUG_INFORMATION_FORMAT = "dwarf-with-dsym";
				DEVELOPMENT_TEAM = 8NETVC8VTT;
				ENABLE_NS_ASSERTIONS = NO;
				ENABLE_STRICT_OBJC_MSGSEND = YES;
				ENABLE_USER_SCRIPT_SANDBOXING = YES;
				GCC_C_LANGUAGE_STANDARD = gnu17;
				GCC_NO_COMMON_BLOCKS = YES;
				GCC_WARN_64_TO_32_BIT_CONVERSION = YES;
				GCC_WARN_ABOUT_RETURN_TYPE = YES_ERROR;
				GCC_WARN_UNDECLARED_SELECTOR = YES;
				GCC_WARN_UNINITIALIZED_AUTOS = YES_AGGRESSIVE;
				GCC_WARN_UNUSED_FUNCTION = YES;
				GCC_WARN_UNUSED_VARIABLE = YES;
				LOCALIZATION_PREFERS_STRING_CATALOGS = YES;
				MACOSX_DEPLOYMENT_TARGET = 15.5;
				MTL_ENABLE_DEBUG_INFO = NO;
				MTL_FAST_MATH = YES;
				SDKROOT = macosx;
				SWIFT_APPROACHABLE_CONCURRENCY = YES;
				SWIFT_COMPILATION_MODE = wholemodule;
				SWIFT_DEFAULT_ACTOR_ISOLATION = MainActor;
				SWIFT_VERSION = 6.0;
			};
			name = Release;
		};
		4F71A3F02DF9E9C1004C600C /* Debug */ = {
			isa = XCBuildConfiguration;
			buildSettings = {
				ASSETCATALOG_COMPILER_APPICON_NAME = AppIcon;
				ASSETCATALOG_COMPILER_GLOBAL_ACCENT_COLOR_NAME = AccentColor;
				CODE_SIGN_STYLE = Automatic;
				COMBINE_HIDPI_IMAGES = YES;
				CURRENT_PROJECT_VERSION = 1;
				DEVELOPMENT_TEAM = 8NETVC8VTT;
				ENABLE_APP_SANDBOX = YES;
				ENABLE_HARDENED_RUNTIME = YES;
				ENABLE_PREVIEWS = YES;
				ENABLE_USER_SELECTED_FILES = readonly;
				GENERATE_INFOPLIST_FILE = YES;
				INFOPLIST_KEY_LSApplicationCategoryType = "public.app-category.productivity";
				INFOPLIST_KEY_NSHumanReadableCopyright = "";
				LD_RUNPATH_SEARCH_PATHS = (
					"$(inherited)",
					"@executable_path/../Frameworks",
				);
				MARKETING_VERSION = 1.0;
				PRODUCT_BUNDLE_IDENTIFIER = secminhr.Notification2Shortcut;
				PRODUCT_NAME = "$(TARGET_NAME)";
				REGISTER_APP_GROUPS = YES;
				STRING_CATALOG_GENERATE_SYMBOLS = YES;
				SWIFT_DEFAULT_ACTOR_ISOLATION = MainActor;
				SWIFT_EMIT_LOC_STRINGS = YES;
				SWIFT_UPCOMING_FEATURE_MEMBER_IMPORT_VISIBILITY = YES;
				SWIFT_VERSION = 6.0;
			};
			name = Debug;
		};
		4F71A3F12DF9E9C1004C600C /* Release */ = {
			isa = XCBuildConfiguration;
			buildSettings = {
				ASSETCATALOG_COMPILER_APPICON_NAME = AppIcon;
				ASSETCATALOG_COMPILER_GLOBAL_ACCENT_COLOR_NAME = AccentColor;
				CODE_SIGN_STYLE = Automatic;
				COMBINE_HIDPI_IMAGES = YES;
				CURRENT_PROJECT_VERSION = 1;
				DEVELOPMENT_TEAM = 8NETVC8VTT;
				ENABLE_APP_SANDBOX = YES;
				ENABLE_HARDENED_RUNTIME = YES;
				ENABLE_PREVIEWS = YES;
				ENABLE_USER_SELECTED_FILES = readonly;
				GENERATE_INFOPLIST_FILE = YES;
				INFOPLIST_KEY_LSApplicationCategoryType = "public.app-category.productivity";
				INFOPLIST_KEY_NSHumanReadableCopyright = "";
				LD_RUNPATH_SEARCH_PATHS = (
					"$(inherited)",
					"@executable_path/../Frameworks",
				);
				MARKETING_VERSION = 1.0;
				PRODUCT_BUNDLE_IDENTIFIER = secminhr.Notification2Shortcut;
				PRODUCT_NAME = "$(TARGET_NAME)";
				REGISTER_APP_GROUPS = YES;
				STRING_CATALOG_GENERATE_SYMBOLS = YES;
				SWIFT_DEFAULT_ACTOR_ISOLATION = MainActor;
				SWIFT_EMIT_LOC_STRINGS = YES;
				SWIFT_UPCOMING_FEATURE_MEMBER_IMPORT_VISIBILITY = YES;
				SWIFT_VERSION = 6.0;
			};
			name = Release;
		};
		4F71A3F32DF9E9C1004C600C /* Debug */ = {
			isa = XCBuildConfiguration;
			buildSettings = {
				BUNDLE_LOADER = "$(TEST_HOST)";
				CODE_SIGN_STYLE = Automatic;
				CURRENT_PROJECT_VERSION = 1;
				DEVELOPMENT_TEAM = 8NETVC8VTT;
				GENERATE_INFOPLIST_FILE = YES;
				MACOSX_DEPLOYMENT_TARGET = 15.5;
				MARKETING_VERSION = 1.0;
				PRODUCT_BUNDLE_IDENTIFIER = secminhr.Notification2ShortcutTests;
				PRODUCT_NAME = "$(TARGET_NAME)";
				STRING_CATALOG_GENERATE_SYMBOLS = NO;
				SWIFT_EMIT_LOC_STRINGS = NO;
				SWIFT_UPCOMING_FEATURE_MEMBER_IMPORT_VISIBILITY = YES;
				SWIFT_VERSION = 6.0;
				TEST_HOST = "$(BUILT_PRODUCTS_DIR)/Notification2Shortcut.app/$(BUNDLE_EXECUTABLE_FOLDER_PATH)/Notification2Shortcut";
			};
			name = Debug;
		};
		4F71A3F42DF9E9C1004C600C /* Release */ = {
			isa = XCBuildConfiguration;
			buildSettings = {
				BUNDLE_LOADER = "$(TEST_HOST)";
				CODE_SIGN_STYLE = Automatic;
				CURRENT_PROJECT_VERSION = 1;
				DEVELOPMENT_TEAM = 8NETVC8VTT;
				GENERATE_INFOPLIST_FILE = YES;
				MACOSX_DEPLOYMENT_TARGET = 15.5;
				MARKETING_VERSION = 1.0;
				PRODUCT_BUNDLE_IDENTIFIER = secminhr.Notification2ShortcutTests;
				PRODUCT_NAME = "$(TARGET_NAME)";
				STRING_CATALOG_GENERATE_SYMBOLS = NO;
				SWIFT_EMIT_LOC_STRINGS = NO;
				SWIFT_UPCOMING_FEATURE_MEMBER_IMPORT_VISIBILITY = YES;
				SWIFT_VERSION = 6.0;
				TEST_HOST = "$(BUILT_PRODUCTS_DIR)/Notification2Shortcut.app/$(BUNDLE_EXECUTABLE_FOLDER_PATH)/Notification2Shortcut";
			};
			name = Release;
		};
		4F71A3F62DF9E9C1004C600C /* Debug */ = {
			isa = XCBuildConfiguration;
			buildSettings = {
				CODE_SIGN_STYLE = Automatic;
				CURRENT_PROJECT_VERSION = 1;
				DEVELOPMENT_TEAM = 8NETVC8VTT;
				GENERATE_INFOPLIST_FILE = YES;
				MARKETING_VERSION = 1.0;
				PRODUCT_BUNDLE_IDENTIFIER = secminhr.Notification2ShortcutUITests;
				PRODUCT_NAME = "$(TARGET_NAME)";
				STRING_CATALOG_GENERATE_SYMBOLS = NO;
				SWIFT_EMIT_LOC_STRINGS = NO;
				SWIFT_UPCOMING_FEATURE_MEMBER_IMPORT_VISIBILITY = YES;
				SWIFT_VERSION = 5.0;
				TEST_TARGET_NAME = Notification2Shortcut;
			};
			name = Debug;
		};
		4F71A3F72DF9E9C1004C600C /* Release */ = {
			isa = XCBuildConfiguration;
			buildSettings = {
				CODE_SIGN_STYLE = Automatic;
				CURRENT_PROJECT_VERSION = 1;
				DEVELOPMENT_TEAM = 8NETVC8VTT;
				GENERATE_INFOPLIST_FILE = YES;
				MARKETING_VERSION = 1.0;
				PRODUCT_BUNDLE_IDENTIFIER = secminhr.Notification2ShortcutUITests;
				PRODUCT_NAME = "$(TARGET_NAME)";
				STRING_CATALOG_GENERATE_SYMBOLS = NO;
				SWIFT_EMIT_LOC_STRINGS = NO;
				SWIFT_UPCOMING_FEATURE_MEMBER_IMPORT_VISIBILITY = YES;
				SWIFT_VERSION = 5.0;
				TEST_TARGET_NAME = Notification2Shortcut;
			};
			name = Release;
		};
/* End XCBuildConfiguration section */

/* Begin XCConfigurationList section */
		4F71A3C72DF9E9C0004C600C /* Build configuration list for PBXProject "Notification2Shortcut" */ = {
			isa = XCConfigurationList;
			buildConfigurations = (
				4F71A3ED2DF9E9C1004C600C /* Debug */,
				4F71A3EE2DF9E9C1004C600C /* Release */,
			);
			defaultConfigurationIsVisible = 0;
			defaultConfigurationName = Release;
		};
		4F71A3EF2DF9E9C1004C600C /* Build configuration list for PBXNativeTarget "Notification2Shortcut" */ = {
			isa = XCConfigurationList;
			buildConfigurations = (
				4F71A3F02DF9E9C1004C600C /* Debug */,
				4F71A3F12DF9E9C1004C600C /* Release */,
			);
			defaultConfigurationIsVisible = 0;
			defaultConfigurationName = Release;
		};
		4F71A3F22DF9E9C1004C600C /* Build configuration list for PBXNativeTarget "Notification2ShortcutTests" */ = {
			isa = XCConfigurationList;
			buildConfigurations = (
				4F71A3F32DF9E9C1004C600C /* Debug */,
				4F71A3F42DF9E9C1004C600C /* Release */,
			);
			defaultConfigurationIsVisible = 0;
			defaultConfigurationName = Release;
		};
		4F71A3F52DF9E9C1004C600C /* Build configuration list for PBXNativeTarget "Notification2ShortcutUITests" */ = {
			isa = XCConfigurationList;
			buildConfigurations = (
				4F71A3F62DF9E9C1004C600C /* Debug */,
				4F71A3F72DF9E9C1004C600C /* Release */,
			);
			defaultConfigurationIsVisible = 0;
			defaultConfigurationName = Release;
		};
/* End XCConfigurationList section */

/* Begin XCRemoteSwiftPackageReference section */
		4F08BE4A2DFD2145003CA400 /* XCRemoteSwiftPackageReference "swift-collections" */ = {
			isa = XCRemoteSwiftPackageReference;
			repositoryURL = "https://github.com/apple/swift-collections.git";
			requirement = {
				kind = upToNextMajorVersion;
				minimumVersion = 1.2.0;
			};
		};
/* End XCRemoteSwiftPackageReference section */

/* Begin XCSwiftPackageProductDependency section */
		4F08BE4B2DFD2145003CA400 /* OrderedCollections */ = {
			isa = XCSwiftPackageProductDependency;
			package = 4F08BE4A2DFD2145003CA400 /* XCRemoteSwiftPackageReference "swift-collections" */;
			productName = OrderedCollections;
		};
		4F08BE4E2DFD24FA003CA400 /* OrderedCollections */ = {
			isa = XCSwiftPackageProductDependency;
			package = 4F08BE4A2DFD2145003CA400 /* XCRemoteSwiftPackageReference "swift-collections" */;
			productName = OrderedCollections;
		};
/* End XCSwiftPackageProductDependency section */
	};
	rootObject = 4F71A3C42DF9E9C0004C600C /* Project object */;
}
